
Microsoft Visual Studio Solution File, Format Version 12.00
# Visual Studio Version 17
VisualStudioVersion = 17.13.35825.156 d17.13
MinimumVisualStudioVersion = 10.0.40219.1
Project("{FAE04EC0-301F-11D3-BF4B-00C04F79EFBC}") = "BinaryWaterDemo", "BinaryWaterDemo\BinaryWaterDemo.csproj", "{DCE1F8F9-9862-4AB7-884E-2EE25F8A0BB7}"
EndProject
Global
	GlobalSection(SolutionConfigurationPlatforms) = preSolution
		Debug|Any CPU = Debug|Any CPU
		Release|Any CPU = Release|Any CPU
	EndGlobalSection
	GlobalSection(ProjectConfigurationPlatforms) = postSolution
		{DCE1F8F9-9862-4AB7-884E-2EE25F8A0BB7}.Debug|Any CPU.ActiveCfg = Debug|Any CPU
		{DCE1F8F9-9862-4AB7-884E-2EE25F8A0BB7}.Debug|Any CPU.Build.0 = Debug|Any CPU
		{DCE1F8F9-9862-4AB7-884E-2EE25F8A0BB7}.Release|Any CPU.ActiveCfg = Release|Any CPU
		{DCE1F8F9-9862-4AB7-884E-2EE25F8A0BB7}.Release|Any CPU.Build.0 = Release|Any CPU
	EndGlobalSection
	GlobalSection(SolutionProperties) = preSolution
		HideSolutionNode = FALSE
	EndGlobalSection
	GlobalSection(ExtensibilityGlobals) = postSolution
		SolutionGuid = {778F1F91-CDC9-45F9-9334-4EBBB0000A2D}
	EndGlobalSection
EndGlobal
